#
# This file is autogenerated by pip-compile with Python 3.10
# by the following command:
#
#    pip-compile --output-file=requirements.txt.lock requirements.txt
#
--index-url https://artifactory.audeering.com/artifactory/api/pypi/pypi/simple

audeer==1.21.0
    # via audiofile
audiofile==1.3.2
    # via -r requirements.txt
audioread==3.0.1
    # via
    #   -r requirements.txt
    #   librosa
audmath==1.4.0
    # via audiofile
certifi==2023.11.17
    # via requests
cffi==1.16.0
    # via soundfile
charset-normalizer==3.3.2
    # via requests
contourpy==1.2.0
    # via matplotlib
cycler==0.12.1
    # via matplotlib
decorator==5.1.1
    # via librosa
fonttools==4.47.2
    # via matplotlib
idna==3.6
    # via requests
joblib==1.3.2
    # via
    #   librosa
    #   scikit-learn
kiwisolver==1.4.5
    # via matplotlib
lazy-loader==0.3
    # via librosa
librosa==0.10.1
    # via -r requirements.txt
llvmlite==0.41.1
    # via numba
matplotlib==3.8.2
    # via seaborn
msgpack==1.0.7
    # via librosa
numba==0.58.1
    # via librosa
numpy==1.26.3
    # via
    #   audiofile
    #   audmath
    #   contourpy
    #   librosa
    #   matplotlib
    #   numba
    #   pandas
    #   pedalboard
    #   scikit-learn
    #   scipy
    #   seaborn
    #   sox
    #   soxr
packaging==23.2
    # via
    #   matplotlib
    #   pooch
pandas==2.1.4
    # via
    #   -r requirements.txt
    #   seaborn
pedalboard==0.8.7
    # via -r requirements.txt
pillow==10.2.0
    # via matplotlib
platformdirs==4.1.0
    # via pooch
pooch==1.8.0
    # via librosa
pycairo==1.25.1
    # via pygobject
pycparser==2.21
    # via cffi
pygobject==3.42.1
    # via -r requirements.txt
pymad==0.11.3
    # via -r requirements.txt
pyparsing==3.1.1
    # via matplotlib
python-dateutil==2.8.2
    # via
    #   matplotlib
    #   pandas
pytz==2023.3.post1
    # via pandas
requests==2.31.0
    # via pooch
scikit-learn==1.4.0
    # via librosa
scipy==1.11.4
    # via
    #   -r requirements.txt
    #   librosa
    #   scikit-learn
seaborn==0.13.1
    # via -r requirements.txt
six==1.16.0
    # via python-dateutil
soundfile==0.12.1
    # via
    #   -r requirements.txt
    #   audiofile
    #   librosa
sox==1.4.1
    # via -r requirements.txt
soxr==0.3.7
    # via librosa
threadpoolctl==3.2.0
    # via scikit-learn
tqdm==4.66.1
    # via audeer
typing-extensions==4.9.0
    # via librosa
tzdata==2023.4
    # via pandas
urllib3==2.1.0
    # via requests
