#
# This file is autogenerated by pip-compile
# To update, run:
#
#    pip-compile --output-file=requirements.txt.lock requirements.txt
#
--index-url https://artifactory.audeering.com/artifactory/api/pypi/pypi/simple
--trusted-host artifactory.audeering.com

appdirs==1.4.4            # via pooch
aubio==0.4.9              # via -r requirements.txt
audiofile==0.3.1          # via -r requirements.txt
audioread==2.1.9          # via -r requirements.txt, librosa
certifi==2020.6.20        # via matplotlib, requests
cffi==1.14.3              # via soundfile
chardet==3.0.4            # via requests
cycler==0.10.0            # via matplotlib
decorator==4.4.2          # via librosa
idna==2.10                # via requests
joblib==0.17.0            # via librosa, scikit-learn
kiwisolver==1.2.0         # via matplotlib
librosa==0.8.0            # via -r requirements.txt
llvmlite==0.34.0          # via numba
matplotlib==3.3.2         # via seaborn
numba==0.51.2             # via librosa, resampy
numpy==1.19.2             # via aubio, audiofile, librosa, matplotlib, numba, pandas, resampy, scikit-learn, scipy, seaborn, sox
packaging==20.4           # via pooch
pandas==1.1.3             # via -r requirements.txt, seaborn
pillow==8.0.1             # via matplotlib
pooch==1.2.0              # via librosa
pycairo==1.20.0           # via pygobject
pycparser==2.20           # via cffi
pygobject==3.38.0         # via -r requirements.txt
pymad==0.10               # via -r requirements.txt
pyparsing==2.4.7          # via matplotlib, packaging
python-dateutil==2.8.1    # via matplotlib, pandas
pytz==2020.1              # via pandas
requests==2.24.0          # via pooch
resampy==0.2.2            # via librosa
scikit-learn==0.23.2      # via librosa
scipy==1.5.3              # via -r requirements.txt, librosa, resampy, scikit-learn, seaborn
seaborn==0.11.0           # via -r requirements.txt
six==1.15.0               # via cycler, packaging, python-dateutil, resampy
soundfile==0.10.3.post1   # via -r requirements.txt, audiofile, librosa
sox==1.4.1                # via -r requirements.txt, audiofile
threadpoolctl==2.1.0      # via scikit-learn
urllib3==1.25.11          # via requests

# The following packages are considered to be unsafe in a requirements file:
# pip
# setuptools
