#
# This file is autogenerated by pip-compile with python 3.8
# To update, run:
#
#    pip-compile --output-file=requirements.txt.lock requirements.txt
#
--index-url https://artifactory.audeering.com/artifactory/api/pypi/pypi/simple

appdirs==1.4.4
    # via pooch
aubio==0.4.5
    # via -r requirements.txt
audeer==1.18.0
    # via audiofile
audiofile==1.1.0
    # via -r requirements.txt
audioread==2.1.9
    # via
    #   -r requirements.txt
    #   librosa
certifi==2021.10.8
    # via requests
cffi==1.15.0
    # via soundfile
charset-normalizer==2.0.12
    # via requests
cycler==0.11.0
    # via matplotlib
decorator==5.1.1
    # via librosa
fonttools==4.32.0
    # via matplotlib
idna==3.3
    # via requests
joblib==1.1.0
    # via
    #   librosa
    #   scikit-learn
kiwisolver==1.4.2
    # via matplotlib
librosa==0.9.1
    # via -r requirements.txt
llvmlite==0.38.0
    # via numba
matplotlib==3.5.1
    # via seaborn
numba==0.55.1
    # via
    #   librosa
    #   resampy
numpy==1.21.6
    # via
    #   aubio
    #   audiofile
    #   librosa
    #   matplotlib
    #   numba
    #   pandas
    #   resampy
    #   scikit-learn
    #   scipy
    #   seaborn
    #   sox
packaging==21.3
    # via
    #   librosa
    #   matplotlib
    #   pooch
pandas==1.4.2
    # via
    #   -r requirements.txt
    #   seaborn
pillow==9.1.0
    # via matplotlib
pooch==1.6.0
    # via librosa
pycairo==1.21.0
    # via pygobject
pycparser==2.21
    # via cffi
pygobject==3.42.1
    # via -r requirements.txt
pymad==0.10
    # via -r requirements.txt
pyparsing==3.0.8
    # via
    #   matplotlib
    #   packaging
python-dateutil==2.8.2
    # via
    #   matplotlib
    #   pandas
pytz==2022.1
    # via pandas
requests==2.27.1
    # via pooch
resampy==0.2.2
    # via librosa
scikit-learn==1.0.2
    # via librosa
scipy==1.8.0
    # via
    #   -r requirements.txt
    #   librosa
    #   resampy
    #   scikit-learn
    #   seaborn
seaborn==0.11.2
    # via -r requirements.txt
six==1.16.0
    # via
    #   python-dateutil
    #   resampy
soundfile==0.10.3.post1
    # via
    #   -r requirements.txt
    #   audiofile
    #   librosa
sox==1.4.1
    # via
    #   -r requirements.txt
    #   audiofile
threadpoolctl==3.1.0
    # via scikit-learn
tqdm==4.64.0
    # via audeer
urllib3==1.26.9
    # via requests

# The following packages are considered to be unsafe in a requirements file:
# setuptools
